
Microsoft Visual Studio Solution File, Format Version 12.00
# Visual Studio Version 17
VisualStudioVersion = 17.0.31903.59
MinimumVisualStudioVersion = 10.0.40219.1
Project("{F2A71F9B-5D33-465A-A702-920D77279786}") = "day17", "day17\day17.fsproj", "{33B23412-9711-4A01-9817-6360271A6028}"
EndProject
Project("{F2A71F9B-5D33-465A-A702-920D77279786}") = "Common", "common\Common.fsproj", "{30C57E3E-4165-461A-8D7F-E9AD11EEC4D7}"
EndProject
Project("{F2A71F9B-5D33-465A-A702-920D77279786}") = "day08", "day08\day08.fsproj", "{08A6C09D-FF6B-40A3-9228-AD1D85DB792A}"
EndProject
Project("{F2A71F9B-5D33-465A-A702-920D77279786}") = "day10", "day10\day10.fsproj", "{A1742D19-D7FB-4786-B8A8-698CA55EE4F9}"
EndProject
Project("{F2A71F9B-5D33-465A-A702-920D77279786}") = "day12", "day12\day12.fsproj", "{E4CBBD42-0A4E-48E6-A210-CF0DEE86E73C}"
EndProject
Project("{F2A71F9B-5D33-465A-A702-920D77279786}") = "day13", "day13\day13.fsproj", "{2515B0E0-0CF2-45D0-95FC-6746E366FB7E}"
EndProject
Global
	GlobalSection(SolutionConfigurationPlatforms) = preSolution
		Debug|Any CPU = Debug|Any CPU
		Release|Any CPU = Release|Any CPU
	EndGlobalSection
	GlobalSection(SolutionProperties) = preSolution
		HideSolutionNode = FALSE
	EndGlobalSection
	GlobalSection(ProjectConfigurationPlatforms) = postSolution
		{33B23412-9711-4A01-9817-6360271A6028}.Debug|Any CPU.ActiveCfg = Debug|Any CPU
		{33B23412-9711-4A01-9817-6360271A6028}.Debug|Any CPU.Build.0 = Debug|Any CPU
		{33B23412-9711-4A01-9817-6360271A6028}.Release|Any CPU.ActiveCfg = Release|Any CPU
		{33B23412-9711-4A01-9817-6360271A6028}.Release|Any CPU.Build.0 = Release|Any CPU
		{30C57E3E-4165-461A-8D7F-E9AD11EEC4D7}.Debug|Any CPU.ActiveCfg = Debug|Any CPU
		{30C57E3E-4165-461A-8D7F-E9AD11EEC4D7}.Debug|Any CPU.Build.0 = Debug|Any CPU
		{30C57E3E-4165-461A-8D7F-E9AD11EEC4D7}.Release|Any CPU.ActiveCfg = Release|Any CPU
		{30C57E3E-4165-461A-8D7F-E9AD11EEC4D7}.Release|Any CPU.Build.0 = Release|Any CPU
		{08A6C09D-FF6B-40A3-9228-AD1D85DB792A}.Debug|Any CPU.ActiveCfg = Debug|Any CPU
		{08A6C09D-FF6B-40A3-9228-AD1D85DB792A}.Debug|Any CPU.Build.0 = Debug|Any CPU
		{08A6C09D-FF6B-40A3-9228-AD1D85DB792A}.Release|Any CPU.ActiveCfg = Release|Any CPU
		{08A6C09D-FF6B-40A3-9228-AD1D85DB792A}.Release|Any CPU.Build.0 = Release|Any CPU
		{A1742D19-D7FB-4786-B8A8-698CA55EE4F9}.Debug|Any CPU.ActiveCfg = Debug|Any CPU
		{A1742D19-D7FB-4786-B8A8-698CA55EE4F9}.Debug|Any CPU.Build.0 = Debug|Any CPU
		{A1742D19-D7FB-4786-B8A8-698CA55EE4F9}.Release|Any CPU.ActiveCfg = Release|Any CPU
		{A1742D19-D7FB-4786-B8A8-698CA55EE4F9}.Release|Any CPU.Build.0 = Release|Any CPU
		{E4CBBD42-0A4E-48E6-A210-CF0DEE86E73C}.Debug|Any CPU.ActiveCfg = Debug|Any CPU
		{E4CBBD42-0A4E-48E6-A210-CF0DEE86E73C}.Debug|Any CPU.Build.0 = Debug|Any CPU
		{E4CBBD42-0A4E-48E6-A210-CF0DEE86E73C}.Release|Any CPU.ActiveCfg = Release|Any CPU
		{E4CBBD42-0A4E-48E6-A210-CF0DEE86E73C}.Release|Any CPU.Build.0 = Release|Any CPU
		{2515B0E0-0CF2-45D0-95FC-6746E366FB7E}.Debug|Any CPU.ActiveCfg = Debug|Any CPU
		{2515B0E0-0CF2-45D0-95FC-6746E366FB7E}.Debug|Any CPU.Build.0 = Debug|Any CPU
		{2515B0E0-0CF2-45D0-95FC-6746E366FB7E}.Release|Any CPU.ActiveCfg = Release|Any CPU
		{2515B0E0-0CF2-45D0-95FC-6746E366FB7E}.Release|Any CPU.Build.0 = Release|Any CPU
	EndGlobalSection
EndGlobal
