
Microsoft Visual Studio Solution File, Format Version 12.00
# Visual Studio Version 17
VisualStudioVersion = 17.0.31903.59
MinimumVisualStudioVersion = 10.0.40219.1
Project("{F2A71F9B-5D33-465A-A702-920D77279786}") = "day17", "day17\day17.fsproj", "{33B23412-9711-4A01-9817-6360271A6028}"
EndProject
Project("{F2A71F9B-5D33-465A-A702-920D77279786}") = "Common", "common\Common.fsproj", "{30C57E3E-4165-461A-8D7F-E9AD11EEC4D7}"
EndProject
Global
	GlobalSection(SolutionConfigurationPlatforms) = preSolution
		Debug|Any CPU = Debug|Any CPU
		Release|Any CPU = Release|Any CPU
	EndGlobalSection
	GlobalSection(SolutionProperties) = preSolution
		HideSolutionNode = FALSE
	EndGlobalSection
	GlobalSection(ProjectConfigurationPlatforms) = postSolution
		{33B23412-9711-4A01-9817-6360271A6028}.Debug|Any CPU.ActiveCfg = Debug|Any CPU
		{33B23412-9711-4A01-9817-6360271A6028}.Debug|Any CPU.Build.0 = Debug|Any CPU
		{33B23412-9711-4A01-9817-6360271A6028}.Release|Any CPU.ActiveCfg = Release|Any CPU
		{33B23412-9711-4A01-9817-6360271A6028}.Release|Any CPU.Build.0 = Release|Any CPU
		{30C57E3E-4165-461A-8D7F-E9AD11EEC4D7}.Debug|Any CPU.ActiveCfg = Debug|Any CPU
		{30C57E3E-4165-461A-8D7F-E9AD11EEC4D7}.Debug|Any CPU.Build.0 = Debug|Any CPU
		{30C57E3E-4165-461A-8D7F-E9AD11EEC4D7}.Release|Any CPU.ActiveCfg = Release|Any CPU
		{30C57E3E-4165-461A-8D7F-E9AD11EEC4D7}.Release|Any CPU.Build.0 = Release|Any CPU
	EndGlobalSection
EndGlobal
